
Microsoft Visual Studio Solution File, Format Version 12.00
# Visual Studio Express 2012 for Web
Project("{FAE04EC0-301F-11D3-BF4B-00C04F79EFBC}") = "TicTacToR.Web", "TicTacToR.Web\TicTacToR.Web.csproj", "{762A0D76-DD0A-41F0-880E-F1FF4DFB361D}"
EndProject
Global
	GlobalSection(SolutionConfigurationPlatforms) = preSolution
		Debug|Any CPU = Debug|Any CPU
		Release|Any CPU = Release|Any CPU
	EndGlobalSection
	GlobalSection(ProjectConfigurationPlatforms) = postSolution
		{762A0D76-DD0A-41F0-880E-F1FF4DFB361D}.Debug|Any CPU.ActiveCfg = Debug|Any CPU
		{762A0D76-DD0A-41F0-880E-F1FF4DFB361D}.Debug|Any CPU.Build.0 = Debug|Any CPU
		{762A0D76-DD0A-41F0-880E-F1FF4DFB361D}.Release|Any CPU.ActiveCfg = Release|Any CPU
		{762A0D76-DD0A-41F0-880E-F1FF4DFB361D}.Release|Any CPU.Build.0 = Release|Any CPU
	EndGlobalSection
	GlobalSection(SolutionProperties) = preSolution
		HideSolutionNode = FALSE
	EndGlobalSection
EndGlobal
